
Microsoft Visual Studio Solution File, Format Version 12.00
# Visual Studio 15
VisualStudioVersion = 15.0.27428.2027
MinimumVisualStudioVersion = 10.0.40219.1
Project("{FAE04EC0-301F-11D3-BF4B-00C04F79EFBC}") = "Customer", "Customer\Customer.csproj", "{85387384-0EC0-45B3-9AC6-E9FD12E30B39}"
EndProject
Project("{FAE04EC0-301F-11D3-BF4B-00C04F79EFBC}") = "Customer.Tests", "Customer.Tests\Customer.Tests.csproj", "{E98AED29-D5B9-484F-A998-BE842296B658}"
EndProject
Project("{FAE04EC0-301F-11D3-BF4B-00C04F79EFBC}") = "CustomerProvider", "CustomerProvider\CustomerProvider.csproj", "{BAC31D87-7793-4A49-B05A-2846F115FAB2}"
EndProject
Project("{FAE04EC0-301F-11D3-BF4B-00C04F79EFBC}") = "CustomerProvider.Tests", "CustomerProvider.Tests\CustomerProvider.Tests.csproj", "{8B273956-09F1-4D07-A69E-0E6006E10DF8}"
EndProject
Global
	GlobalSection(SolutionConfigurationPlatforms) = preSolution
		Debug|Any CPU = Debug|Any CPU
		Release|Any CPU = Release|Any CPU
	EndGlobalSection
	GlobalSection(ProjectConfigurationPlatforms) = postSolution
		{85387384-0EC0-45B3-9AC6-E9FD12E30B39}.Debug|Any CPU.ActiveCfg = Debug|Any CPU
		{85387384-0EC0-45B3-9AC6-E9FD12E30B39}.Debug|Any CPU.Build.0 = Debug|Any CPU
		{85387384-0EC0-45B3-9AC6-E9FD12E30B39}.Release|Any CPU.ActiveCfg = Release|Any CPU
		{85387384-0EC0-45B3-9AC6-E9FD12E30B39}.Release|Any CPU.Build.0 = Release|Any CPU
		{E98AED29-D5B9-484F-A998-BE842296B658}.Debug|Any CPU.ActiveCfg = Debug|Any CPU
		{E98AED29-D5B9-484F-A998-BE842296B658}.Debug|Any CPU.Build.0 = Debug|Any CPU
		{E98AED29-D5B9-484F-A998-BE842296B658}.Release|Any CPU.ActiveCfg = Release|Any CPU
		{E98AED29-D5B9-484F-A998-BE842296B658}.Release|Any CPU.Build.0 = Release|Any CPU
		{BAC31D87-7793-4A49-B05A-2846F115FAB2}.Debug|Any CPU.ActiveCfg = Debug|Any CPU
		{BAC31D87-7793-4A49-B05A-2846F115FAB2}.Debug|Any CPU.Build.0 = Debug|Any CPU
		{BAC31D87-7793-4A49-B05A-2846F115FAB2}.Release|Any CPU.ActiveCfg = Release|Any CPU
		{BAC31D87-7793-4A49-B05A-2846F115FAB2}.Release|Any CPU.Build.0 = Release|Any CPU
		{8B273956-09F1-4D07-A69E-0E6006E10DF8}.Debug|Any CPU.ActiveCfg = Debug|Any CPU
		{8B273956-09F1-4D07-A69E-0E6006E10DF8}.Debug|Any CPU.Build.0 = Debug|Any CPU
		{8B273956-09F1-4D07-A69E-0E6006E10DF8}.Release|Any CPU.ActiveCfg = Release|Any CPU
		{8B273956-09F1-4D07-A69E-0E6006E10DF8}.Release|Any CPU.Build.0 = Release|Any CPU
	EndGlobalSection
	GlobalSection(SolutionProperties) = preSolution
		HideSolutionNode = FALSE
	EndGlobalSection
	GlobalSection(ExtensibilityGlobals) = postSolution
		SolutionGuid = {3E045A6A-9DC6-47EA-A85F-19C79B96D71C}
	EndGlobalSection
EndGlobal
