
Microsoft Visual Studio Solution File, Format Version 12.00
# Visual Studio 15
VisualStudioVersion = 15.0.27428.2027
MinimumVisualStudioVersion = 10.0.40219.1
Project("{FAE04EC0-301F-11D3-BF4B-00C04F79EFBC}") = "Filter", "Filter\Filter.csproj", "{4D2CEFE3-FF9A-4E0E-8A3B-A5EBD9FB38CE}"
EndProject
Project("{2150E333-8FDC-42A3-9474-1A3956D46DE8}") = "Filter task", "Filter task", "{2B711215-D686-4D21-9048-43F34DE70656}"
EndProject
Project("{FAE04EC0-301F-11D3-BF4B-00C04F79EFBC}") = "Filter.Tests", "Filter.Tests\Filter.Tests.csproj", "{80E7DCA8-4370-4688-9340-E1718399643A}"
EndProject
Global
	GlobalSection(SolutionConfigurationPlatforms) = preSolution
		Debug|Any CPU = Debug|Any CPU
		Release|Any CPU = Release|Any CPU
	EndGlobalSection
	GlobalSection(ProjectConfigurationPlatforms) = postSolution
		{4D2CEFE3-FF9A-4E0E-8A3B-A5EBD9FB38CE}.Debug|Any CPU.ActiveCfg = Debug|Any CPU
		{4D2CEFE3-FF9A-4E0E-8A3B-A5EBD9FB38CE}.Debug|Any CPU.Build.0 = Debug|Any CPU
		{4D2CEFE3-FF9A-4E0E-8A3B-A5EBD9FB38CE}.Release|Any CPU.ActiveCfg = Release|Any CPU
		{4D2CEFE3-FF9A-4E0E-8A3B-A5EBD9FB38CE}.Release|Any CPU.Build.0 = Release|Any CPU
		{80E7DCA8-4370-4688-9340-E1718399643A}.Debug|Any CPU.ActiveCfg = Debug|Any CPU
		{80E7DCA8-4370-4688-9340-E1718399643A}.Debug|Any CPU.Build.0 = Debug|Any CPU
		{80E7DCA8-4370-4688-9340-E1718399643A}.Release|Any CPU.ActiveCfg = Release|Any CPU
		{80E7DCA8-4370-4688-9340-E1718399643A}.Release|Any CPU.Build.0 = Release|Any CPU
	EndGlobalSection
	GlobalSection(SolutionProperties) = preSolution
		HideSolutionNode = FALSE
	EndGlobalSection
	GlobalSection(NestedProjects) = preSolution
		{4D2CEFE3-FF9A-4E0E-8A3B-A5EBD9FB38CE} = {2B711215-D686-4D21-9048-43F34DE70656}
		{80E7DCA8-4370-4688-9340-E1718399643A} = {2B711215-D686-4D21-9048-43F34DE70656}
	EndGlobalSection
	GlobalSection(ExtensibilityGlobals) = postSolution
		SolutionGuid = {7621B934-9D62-4587-9816-83DAC355E5A0}
	EndGlobalSection
EndGlobal
