
Microsoft Visual Studio Solution File, Format Version 12.00
# Visual Studio 15
VisualStudioVersion = 15.0.27428.2027
MinimumVisualStudioVersion = 10.0.40219.1
Project("{FAE04EC0-301F-11D3-BF4B-00C04F79EFBC}") = "BinarySearchTree", "BinarySearchTree\BinarySearchTree.csproj", "{28E4C42F-D2DE-408F-A574-EC24EA694BCB}"
EndProject
Project("{FAE04EC0-301F-11D3-BF4B-00C04F79EFBC}") = "BinarySearchTree.Tests", "BinarySearchTree.Tests\BinarySearchTree.Tests.csproj", "{B910D428-840C-446A-BA7A-A3758658CC69}"
EndProject
Project("{FAE04EC0-301F-11D3-BF4B-00C04F79EFBC}") = "TrafficLight", "TrafficLight\TrafficLight.csproj", "{F549C5E4-56AF-4E5B-808A-FCAEC8CEEA19}"
EndProject
Project("{FAE04EC0-301F-11D3-BF4B-00C04F79EFBC}") = "TrafficLightPL", "TrafficLightPL\TrafficLightPL.csproj", "{558812C8-BCAD-43A9-9339-BDD960303DF2}"
EndProject
Global
	GlobalSection(SolutionConfigurationPlatforms) = preSolution
		Debug|Any CPU = Debug|Any CPU
		Release|Any CPU = Release|Any CPU
	EndGlobalSection
	GlobalSection(ProjectConfigurationPlatforms) = postSolution
		{28E4C42F-D2DE-408F-A574-EC24EA694BCB}.Debug|Any CPU.ActiveCfg = Debug|Any CPU
		{28E4C42F-D2DE-408F-A574-EC24EA694BCB}.Debug|Any CPU.Build.0 = Debug|Any CPU
		{28E4C42F-D2DE-408F-A574-EC24EA694BCB}.Release|Any CPU.ActiveCfg = Release|Any CPU
		{28E4C42F-D2DE-408F-A574-EC24EA694BCB}.Release|Any CPU.Build.0 = Release|Any CPU
		{B910D428-840C-446A-BA7A-A3758658CC69}.Debug|Any CPU.ActiveCfg = Debug|Any CPU
		{B910D428-840C-446A-BA7A-A3758658CC69}.Debug|Any CPU.Build.0 = Debug|Any CPU
		{B910D428-840C-446A-BA7A-A3758658CC69}.Release|Any CPU.ActiveCfg = Release|Any CPU
		{B910D428-840C-446A-BA7A-A3758658CC69}.Release|Any CPU.Build.0 = Release|Any CPU
		{F549C5E4-56AF-4E5B-808A-FCAEC8CEEA19}.Debug|Any CPU.ActiveCfg = Debug|Any CPU
		{F549C5E4-56AF-4E5B-808A-FCAEC8CEEA19}.Debug|Any CPU.Build.0 = Debug|Any CPU
		{F549C5E4-56AF-4E5B-808A-FCAEC8CEEA19}.Release|Any CPU.ActiveCfg = Release|Any CPU
		{F549C5E4-56AF-4E5B-808A-FCAEC8CEEA19}.Release|Any CPU.Build.0 = Release|Any CPU
		{558812C8-BCAD-43A9-9339-BDD960303DF2}.Debug|Any CPU.ActiveCfg = Debug|Any CPU
		{558812C8-BCAD-43A9-9339-BDD960303DF2}.Debug|Any CPU.Build.0 = Debug|Any CPU
		{558812C8-BCAD-43A9-9339-BDD960303DF2}.Release|Any CPU.ActiveCfg = Release|Any CPU
		{558812C8-BCAD-43A9-9339-BDD960303DF2}.Release|Any CPU.Build.0 = Release|Any CPU
	EndGlobalSection
	GlobalSection(SolutionProperties) = preSolution
		HideSolutionNode = FALSE
	EndGlobalSection
	GlobalSection(ExtensibilityGlobals) = postSolution
		SolutionGuid = {46C658D1-9F82-41B3-B337-1E64BDC91409}
	EndGlobalSection
EndGlobal
