
Microsoft Visual Studio Solution File, Format Version 12.00
# Visual Studio 15
VisualStudioVersion = 15.0.27428.2027
MinimumVisualStudioVersion = 10.0.40219.1
Project("{FAE04EC0-301F-11D3-BF4B-00C04F79EFBC}") = "Task1", "Task1\Task1.csproj", "{11F09816-5DA8-40F0-8752-07E312640896}"
EndProject
Project("{FAE04EC0-301F-11D3-BF4B-00C04F79EFBC}") = "Task1.Tests", "Task1.Tests\Task1.Tests.csproj", "{4837A8A1-2BBF-432A-B170-8AAF9555F0B6}"
EndProject
Global
	GlobalSection(SolutionConfigurationPlatforms) = preSolution
		Debug|Any CPU = Debug|Any CPU
		Release|Any CPU = Release|Any CPU
	EndGlobalSection
	GlobalSection(ProjectConfigurationPlatforms) = postSolution
		{11F09816-5DA8-40F0-8752-07E312640896}.Debug|Any CPU.ActiveCfg = Debug|Any CPU
		{11F09816-5DA8-40F0-8752-07E312640896}.Debug|Any CPU.Build.0 = Debug|Any CPU
		{11F09816-5DA8-40F0-8752-07E312640896}.Release|Any CPU.ActiveCfg = Release|Any CPU
		{11F09816-5DA8-40F0-8752-07E312640896}.Release|Any CPU.Build.0 = Release|Any CPU
		{4837A8A1-2BBF-432A-B170-8AAF9555F0B6}.Debug|Any CPU.ActiveCfg = Debug|Any CPU
		{4837A8A1-2BBF-432A-B170-8AAF9555F0B6}.Debug|Any CPU.Build.0 = Debug|Any CPU
		{4837A8A1-2BBF-432A-B170-8AAF9555F0B6}.Release|Any CPU.ActiveCfg = Release|Any CPU
		{4837A8A1-2BBF-432A-B170-8AAF9555F0B6}.Release|Any CPU.Build.0 = Release|Any CPU
	EndGlobalSection
	GlobalSection(SolutionProperties) = preSolution
		HideSolutionNode = FALSE
	EndGlobalSection
	GlobalSection(ExtensibilityGlobals) = postSolution
		SolutionGuid = {564906B8-92A5-459B-8627-EF5160952C40}
	EndGlobalSection
EndGlobal
